
Microsoft Visual Studio Solution File, Format Version 12.00
# Visual Studio Version 17
VisualStudioVersion = 17.9.34714.143
MinimumVisualStudioVersion = 10.0.40219.1
Project("{FAE04EC0-301F-11D3-BF4B-00C04F79EFBC}") = "AppNote", "AppNote\AppNote.csproj", "{87850B4C-72FA-4210-A890-7FEE823EA726}"
EndProject
Global
	GlobalSection(SolutionConfigurationPlatforms) = preSolution
		Debug|Any CPU = Debug|Any CPU
		Release|Any CPU = Release|Any CPU
	EndGlobalSection
	GlobalSection(ProjectConfigurationPlatforms) = postSolution
		{87850B4C-72FA-4210-A890-7FEE823EA726}.Debug|Any CPU.ActiveCfg = Debug|Any CPU
		{87850B4C-72FA-4210-A890-7FEE823EA726}.Debug|Any CPU.Build.0 = Debug|Any CPU
		{87850B4C-72FA-4210-A890-7FEE823EA726}.Debug|Any CPU.Deploy.0 = Debug|Any CPU
		{87850B4C-72FA-4210-A890-7FEE823EA726}.Release|Any CPU.ActiveCfg = Release|Any CPU
		{87850B4C-72FA-4210-A890-7FEE823EA726}.Release|Any CPU.Build.0 = Release|Any CPU
		{87850B4C-72FA-4210-A890-7FEE823EA726}.Release|Any CPU.Deploy.0 = Release|Any CPU
	EndGlobalSection
	GlobalSection(SolutionProperties) = preSolution
		HideSolutionNode = FALSE
	EndGlobalSection
	GlobalSection(ExtensibilityGlobals) = postSolution
		SolutionGuid = {D1776354-AEFF-43FC-A5A8-8B56F4B50D24}
	EndGlobalSection
EndGlobal
